
Microsoft Visual Studio Solution File, Format Version 12.00
# Visual Studio Version 16
VisualStudioVersion = 16.0.30717.126
MinimumVisualStudioVersion = 10.0.40219.1
Project("{FAE04EC0-301F-11D3-BF4B-00C04F79EFBC}") = "Market App", "Market App\Market App.csproj", "{F17D3D75-43D5-431D-ACE2-64DF4E72CB56}"
EndProject
Global
	GlobalSection(SolutionConfigurationPlatforms) = preSolution
		Debug|Any CPU = Debug|Any CPU
		Release|Any CPU = Release|Any CPU
	EndGlobalSection
	GlobalSection(ProjectConfigurationPlatforms) = postSolution
		{F17D3D75-43D5-431D-ACE2-64DF4E72CB56}.Debug|Any CPU.ActiveCfg = Debug|Any CPU
		{F17D3D75-43D5-431D-ACE2-64DF4E72CB56}.Debug|Any CPU.Build.0 = Debug|Any CPU
		{F17D3D75-43D5-431D-ACE2-64DF4E72CB56}.Release|Any CPU.ActiveCfg = Release|Any CPU
		{F17D3D75-43D5-431D-ACE2-64DF4E72CB56}.Release|Any CPU.Build.0 = Release|Any CPU
	EndGlobalSection
	GlobalSection(SolutionProperties) = preSolution
		HideSolutionNode = FALSE
	EndGlobalSection
	GlobalSection(ExtensibilityGlobals) = postSolution
		SolutionGuid = {8493CCEC-2EB8-47BA-A637-CDA5391ACF70}
	EndGlobalSection
EndGlobal
